# THIS IS AN AUTOGENERATED FILE. DO NOT EDIT THIS FILE DIRECTLY.
# yarn lockfile v1


"@kevalsolanki8/private-library@1.0.1":
  version "1.0.1"
  resolved "https://npm.pkg.github.com/download/@kevalsolanki8/private-library/1.0.1/6859ed147a2835f20fec0848566d60d725e839f3888f1f041266d3e0df1d866a#83c54182ee6085381d6347dc6153ea5d26d23d14"
  integrity sha512-Sg6ZHpbwI5HTqt2SNcNxVU6k/CKdRJpwlAPfNy/hGmxpEVTVwaC0dbzWA/Xa4MIJKMQwk5+ehDDNXZwudIhJRQ==
